PODS:
  - Eureka (5.0.0)
  - ImageRow (4.0.0):
    - Eureka (~> 5.0)
  - SwiftLint (0.33.0)

DEPENDENCIES:
  - Eureka
  - ImageRow (from `https://github.com/EurekaCommunity/ImageRow`, branch `master`)
  - SwiftLint

SPEC REPOS:
  https://github.com/cocoapods/specs.git:
    - Eureka
    - SwiftLint

EXTERNAL SOURCES:
  ImageRow:
    :branch: master
    :git: https://github.com/EurekaCommunity/ImageRow

CHECKOUT OPTIONS:
  ImageRow:
    :commit: 953bd337b99b3c5ae8a0bc6be0e8a9bf7dfa6818
    :git: https://github.com/EurekaCommunity/ImageRow

SPEC CHECKSUMS:
  Eureka: 0f64f477ec8ef6201c6fec143d60ff5c201cf654
  ImageRow: e65b2e1a33f89062bf2a553a2aad61d975eb7428
  SwiftLint: fed9c66336e41fc74dc48a73678380718f0c8b0e

PODFILE CHECKSUM: e11322c5a94d9e11a30e3b852eb3bfe865c2235f

COCOAPODS: 1.5.3
