// !$*UTF8*$!
{
	archiveVersion = 1;
	classes = {
	};
	objectVersion = 50;
	objects = {

/* Begin PBXBuildFile section */
		A0151E3422220BCB0052F498 /* ActiveTabNavBar.swift in Sources */ = {isa = PBXBuildFile; fileRef = A0151E3322220BCB0052F498 /* ActiveTabNavBar.swift */; };
		A0151E37222212600052F498 /* FoodTableView.swift in Sources */ = {isa = PBXBuildFile; fileRef = A0151E36222212600052F498 /* FoodTableView.swift */; };
		A082161222029E48001A7D1B /* Default-568h@2x.png in Resources */ = {isa = PBXBuildFile; fileRef = A082161122029E48001A7D1B /* Default-568h@2x.png */; };
		A0CC8E2D22054D3C00ABCCF4 /* ActiveTabViewController.swift in Sources */ = {isa = PBXBuildFile; fileRef = A0CC8E2C22054D3C00ABCCF4 /* ActiveTabViewController.swift */; };
		A0CC8E2F22054D4700ABCCF4 /* HistoryTabViewController.swift in Sources */ = {isa = PBXBuildFile; fileRef = A0CC8E2E22054D4700ABCCF4 /* HistoryTabViewController.swift */; };
		A0CC8E3122054F8B00ABCCF4 /* MainTabBarViewController.swift in Sources */ = {isa = PBXBuildFile; fileRef = A0CC8E3022054F8B00ABCCF4 /* MainTabBarViewController.swift */; };
		A0D9200420C7862E007696E5 /* AppDelegate.swift in Sources */ = {isa = PBXBuildFile; fileRef = A0D9200320C7862E007696E5 /* AppDelegate.swift */; };
		A0D9200620C7862E007696E5 /* ViewController.swift in Sources */ = {isa = PBXBuildFile; fileRef = A0D9200520C7862E007696E5 /* ViewController.swift */; };
		A0D9200B20C78630007696E5 /* Assets.xcassets in Resources */ = {isa = PBXBuildFile; fileRef = A0D9200A20C78630007696E5 /* Assets.xcassets */; };
		A0D9200E20C78630007696E5 /* LaunchScreen.storyboard in Resources */ = {isa = PBXBuildFile; fileRef = A0D9200C20C78630007696E5 /* LaunchScreen.storyboard */; };
		A1C0042EBD33C9795881A422 /* Pods_in_my_fridge.framework in Frameworks */ = {isa = PBXBuildFile; fileRef = B569FD81905241EE87ABE4CB /* Pods_in_my_fridge.framework */; };
/* End PBXBuildFile section */

/* Begin PBXFileReference section */
		160CE5F1B181E9867B16CB18 /* Pods-in-my-fridge.release.xcconfig */ = {isa = PBXFileReference; includeInIndex = 1; lastKnownFileType = text.xcconfig; name = "Pods-in-my-fridge.release.xcconfig"; path = "Pods/Target Support Files/Pods-in-my-fridge/Pods-in-my-fridge.release.xcconfig"; sourceTree = "<group>"; };
		51F637FC95035213597A2147 /* Pods-in-my-fridge.debug.xcconfig */ = {isa = PBXFileReference; includeInIndex = 1; lastKnownFileType = text.xcconfig; name = "Pods-in-my-fridge.debug.xcconfig"; path = "Pods/Target Support Files/Pods-in-my-fridge/Pods-in-my-fridge.debug.xcconfig"; sourceTree = "<group>"; };
		A0151E3322220BCB0052F498 /* ActiveTabNavBar.swift */ = {isa = PBXFileReference; lastKnownFileType = sourcecode.swift; path = ActiveTabNavBar.swift; sourceTree = "<group>"; };
		A0151E36222212600052F498 /* FoodTableView.swift */ = {isa = PBXFileReference; lastKnownFileType = sourcecode.swift; path = FoodTableView.swift; sourceTree = "<group>"; };
		A082161122029E48001A7D1B /* Default-568h@2x.png */ = {isa = PBXFileReference; lastKnownFileType = image.png; path = "Default-568h@2x.png"; sourceTree = "<group>"; };
		A0CC8E2C22054D3C00ABCCF4 /* ActiveTabViewController.swift */ = {isa = PBXFileReference; lastKnownFileType = sourcecode.swift; path = ActiveTabViewController.swift; sourceTree = "<group>"; };
		A0CC8E2E22054D4700ABCCF4 /* HistoryTabViewController.swift */ = {isa = PBXFileReference; lastKnownFileType = sourcecode.swift; path = HistoryTabViewController.swift; sourceTree = "<group>"; };
		A0CC8E3022054F8B00ABCCF4 /* MainTabBarViewController.swift */ = {isa = PBXFileReference; lastKnownFileType = sourcecode.swift; path = MainTabBarViewController.swift; sourceTree = "<group>"; };
		A0D9200020C7862E007696E5 /* in-my-fridge.app */ = {isa = PBXFileReference; explicitFileType = wrapper.application; includeInIndex = 0; path = "in-my-fridge.app"; sourceTree = BUILT_PRODUCTS_DIR; };
		A0D9200320C7862E007696E5 /* AppDelegate.swift */ = {isa = PBXFileReference; lastKnownFileType = sourcecode.swift; path = AppDelegate.swift; sourceTree = "<group>"; };
		A0D9200520C7862E007696E5 /* ViewController.swift */ = {isa = PBXFileReference; lastKnownFileType = sourcecode.swift; path = ViewController.swift; sourceTree = "<group>"; };
		A0D9200A20C78630007696E5 /* Assets.xcassets */ = {isa = PBXFileReference; lastKnownFileType = folder.assetcatalog; path = Assets.xcassets; sourceTree = "<group>"; };
		A0D9200D20C78630007696E5 /* Base */ = {isa = PBXFileReference; lastKnownFileType = file.storyboard; name = Base; path = Base.lproj/LaunchScreen.storyboard; sourceTree = "<group>"; };
		A0D9200F20C78630007696E5 /* Info.plist */ = {isa = PBXFileReference; lastKnownFileType = text.plist.xml; path = Info.plist; sourceTree = "<group>"; };
		B569FD81905241EE87ABE4CB /* Pods_in_my_fridge.framework */ = {isa = PBXFileReference; explicitFileType = wrapper.framework; includeInIndex = 0; path = Pods_in_my_fridge.framework; sourceTree = BUILT_PRODUCTS_DIR; };
/* End PBXFileReference section */

/* Begin PBXFrameworksBuildPhase section */
		A0D91FFD20C7862E007696E5 /* Frameworks */ = {
			isa = PBXFrameworksBuildPhase;
			buildActionMask = 2147483647;
			files = (
				A1C0042EBD33C9795881A422 /* Pods_in_my_fridge.framework in Frameworks */,
			);
			runOnlyForDeploymentPostprocessing = 0;
		};
/* End PBXFrameworksBuildPhase section */

/* Begin PBXGroup section */
		5DB37DFE62F2F4756372C9B5 /* Pods */ = {
			isa = PBXGroup;
			children = (
				51F637FC95035213597A2147 /* Pods-in-my-fridge.debug.xcconfig */,
				160CE5F1B181E9867B16CB18 /* Pods-in-my-fridge.release.xcconfig */,
			);
			name = Pods;
			sourceTree = "<group>";
		};
		724EAB02FD14E73BDA831856 /* Frameworks */ = {
			isa = PBXGroup;
			children = (
				B569FD81905241EE87ABE4CB /* Pods_in_my_fridge.framework */,
			);
			name = Frameworks;
			sourceTree = "<group>";
		};
		A0151E352222124B0052F498 /* FoodTable */ = {
			isa = PBXGroup;
			children = (
				A0151E36222212600052F498 /* FoodTableView.swift */,
			);
			path = FoodTable;
			sourceTree = "<group>";
		};
		A095DEA12219EC670094CB51 /* Components */ = {
			isa = PBXGroup;
			children = (
				A0151E352222124B0052F498 /* FoodTable */,
				A0151E3322220BCB0052F498 /* ActiveTabNavBar.swift */,
			);
			path = Components;
			sourceTree = "<group>";
		};
		A0CC8E2B22054D1400ABCCF4 /* ViewController */ = {
			isa = PBXGroup;
			children = (
				A0CC8E2C22054D3C00ABCCF4 /* ActiveTabViewController.swift */,
				A0CC8E2E22054D4700ABCCF4 /* HistoryTabViewController.swift */,
				A0CC8E3022054F8B00ABCCF4 /* MainTabBarViewController.swift */,
			);
			path = ViewController;
			sourceTree = "<group>";
		};
		A0D6E24D20C787E800E606F9 /* Model */ = {
			isa = PBXGroup;
			children = (
			);
			path = Model;
			sourceTree = "<group>";
		};
		A0D6E24E20C78A7F00E606F9 /* UI */ = {
			isa = PBXGroup;
			children = (
				A095DEA12219EC670094CB51 /* Components */,
				A0CC8E2B22054D1400ABCCF4 /* ViewController */,
				A0D9200520C7862E007696E5 /* ViewController.swift */,
			);
			path = UI;
			sourceTree = "<group>";
		};
		A0D6E24F20C78A8400E606F9 /* Controller */ = {
			isa = PBXGroup;
			children = (
			);
			path = Controller;
			sourceTree = "<group>";
		};
		A0D6E25020C78A8F00E606F9 /* Support */ = {
			isa = PBXGroup;
			children = (
				A0D9200320C7862E007696E5 /* AppDelegate.swift */,
				A0D9200C20C78630007696E5 /* LaunchScreen.storyboard */,
				A0D9200F20C78630007696E5 /* Info.plist */,
			);
			path = Support;
			sourceTree = "<group>";
		};
		A0D91FF720C7862E007696E5 = {
			isa = PBXGroup;
			children = (
				A082161122029E48001A7D1B /* Default-568h@2x.png */,
				A0D9200220C7862E007696E5 /* in-my-fridge */,
				A0D9200120C7862E007696E5 /* Products */,
				5DB37DFE62F2F4756372C9B5 /* Pods */,
				724EAB02FD14E73BDA831856 /* Frameworks */,
			);
			sourceTree = "<group>";
		};
		A0D9200120C7862E007696E5 /* Products */ = {
			isa = PBXGroup;
			children = (
				A0D9200020C7862E007696E5 /* in-my-fridge.app */,
			);
			name = Products;
			sourceTree = "<group>";
		};
		A0D9200220C7862E007696E5 /* in-my-fridge */ = {
			isa = PBXGroup;
			children = (
				A0D6E25020C78A8F00E606F9 /* Support */,
				A0D6E24F20C78A8400E606F9 /* Controller */,
				A0D6E24E20C78A7F00E606F9 /* UI */,
				A0D6E24D20C787E800E606F9 /* Model */,
				A0D9200A20C78630007696E5 /* Assets.xcassets */,
			);
			path = "in-my-fridge";
			sourceTree = "<group>";
		};
/* End PBXGroup section */

/* Begin PBXNativeTarget section */
		A0D91FFF20C7862E007696E5 /* in-my-fridge */ = {
			isa = PBXNativeTarget;
			buildConfigurationList = A0D9201220C78630007696E5 /* Build configuration list for PBXNativeTarget "in-my-fridge" */;
			buildPhases = (
				47A173EF2ECD7010370A5221 /* [CP] Check Pods Manifest.lock */,
				A0D91FFC20C7862E007696E5 /* Sources */,
				A0D91FFD20C7862E007696E5 /* Frameworks */,
				A0D91FFE20C7862E007696E5 /* Resources */,
			);
			buildRules = (
			);
			dependencies = (
			);
			name = "in-my-fridge";
			productName = "in-my-fridge";
			productReference = A0D9200020C7862E007696E5 /* in-my-fridge.app */;
			productType = "com.apple.product-type.application";
		};
/* End PBXNativeTarget section */

/* Begin PBXProject section */
		A0D91FF820C7862E007696E5 /* Project object */ = {
			isa = PBXProject;
			attributes = {
				LastSwiftUpdateCheck = 0940;
				LastUpgradeCheck = 0940;
				ORGANIZATIONNAME = "Miko Arce";
				TargetAttributes = {
					A0D91FFF20C7862E007696E5 = {
						CreatedOnToolsVersion = 9.4;
						LastSwiftMigration = 1010;
					};
				};
			};
			buildConfigurationList = A0D91FFB20C7862E007696E5 /* Build configuration list for PBXProject "in-my-fridge" */;
			compatibilityVersion = "Xcode 9.3";
			developmentRegion = en;
			hasScannedForEncodings = 0;
			knownRegions = (
				en,
				Base,
			);
			mainGroup = A0D91FF720C7862E007696E5;
			productRefGroup = A0D9200120C7862E007696E5 /* Products */;
			projectDirPath = "";
			projectRoot = "";
			targets = (
				A0D91FFF20C7862E007696E5 /* in-my-fridge */,
			);
		};
/* End PBXProject section */

/* Begin PBXResourcesBuildPhase section */
		A0D91FFE20C7862E007696E5 /* Resources */ = {
			isa = PBXResourcesBuildPhase;
			buildActionMask = 2147483647;
			files = (
				A0D9200E20C78630007696E5 /* LaunchScreen.storyboard in Resources */,
				A0D9200B20C78630007696E5 /* Assets.xcassets in Resources */,
				A082161222029E48001A7D1B /* Default-568h@2x.png in Resources */,
			);
			runOnlyForDeploymentPostprocessing = 0;
		};
/* End PBXResourcesBuildPhase section */

/* Begin PBXShellScriptBuildPhase section */
		47A173EF2ECD7010370A5221 /* [CP] Check Pods Manifest.lock */ = {
			isa = PBXShellScriptBuildPhase;
			buildActionMask = 2147483647;
			files = (
			);
			inputPaths = (
				"${PODS_PODFILE_DIR_PATH}/Podfile.lock",
				"${PODS_ROOT}/Manifest.lock",
			);
			name = "[CP] Check Pods Manifest.lock";
			outputPaths = (
				"$(DERIVED_FILE_DIR)/Pods-in-my-fridge-checkManifestLockResult.txt",
			);
			runOnlyForDeploymentPostprocessing = 0;
			shellPath = /bin/sh;
			shellScript = "diff \"${PODS_PODFILE_DIR_PATH}/Podfile.lock\" \"${PODS_ROOT}/Manifest.lock\" > /dev/null\nif [ $? != 0 ] ; then\n    # print error to STDERR\n    echo \"error: The sandbox is not in sync with the Podfile.lock. Run 'pod install' or update your CocoaPods installation.\" >&2\n    exit 1\nfi\n# This output is used by Xcode 'outputs' to avoid re-running this script phase.\necho \"SUCCESS\" > \"${SCRIPT_OUTPUT_FILE_0}\"\n";
			showEnvVarsInLog = 0;
		};
/* End PBXShellScriptBuildPhase section */

/* Begin PBXSourcesBuildPhase section */
		A0D91FFC20C7862E007696E5 /* Sources */ = {
			isa = PBXSourcesBuildPhase;
			buildActionMask = 2147483647;
			files = (
				A0CC8E2F22054D4700ABCCF4 /* HistoryTabViewController.swift in Sources */,
				A0D9200620C7862E007696E5 /* ViewController.swift in Sources */,
				A0151E37222212600052F498 /* FoodTableView.swift in Sources */,
				A0CC8E2D22054D3C00ABCCF4 /* ActiveTabViewController.swift in Sources */,
				A0151E3422220BCB0052F498 /* ActiveTabNavBar.swift in Sources */,
				A0CC8E3122054F8B00ABCCF4 /* MainTabBarViewController.swift in Sources */,
				A0D9200420C7862E007696E5 /* AppDelegate.swift in Sources */,
			);
			runOnlyForDeploymentPostprocessing = 0;
		};
/* End PBXSourcesBuildPhase section */

/* Begin PBXVariantGroup section */
		A0D9200C20C78630007696E5 /* LaunchScreen.storyboard */ = {
			isa = PBXVariantGroup;
			children = (
				A0D9200D20C78630007696E5 /* Base */,
			);
			name = LaunchScreen.storyboard;
			sourceTree = "<group>";
		};
/* End PBXVariantGroup section */

/* Begin XCBuildConfiguration section */
		A0D9201020C78630007696E5 /* Debug */ = {
			isa = XCBuildConfiguration;
			buildSettings = {
				ALWAYS_SEARCH_USER_PATHS = NO;
				CLANG_ANALYZER_NONNULL = YES;
				CLANG_ANALYZER_NUMBER_OBJECT_CONVERSION = YES_AGGRESSIVE;
				CLANG_CXX_LANGUAGE_STANDARD = "gnu++14";
				CLANG_CXX_LIBRARY = "libc++";
				CLANG_ENABLE_MODULES = YES;
				CLANG_ENABLE_OBJC_ARC = YES;
				CLANG_ENABLE_OBJC_WEAK = YES;
				CLANG_WARN_BLOCK_CAPTURE_AUTORELEASING = YES;
				CLANG_WARN_BOOL_CONVERSION = YES;
				CLANG_WARN_COMMA = YES;
				CLANG_WARN_CONSTANT_CONVERSION = YES;
				CLANG_WARN_DEPRECATED_OBJC_IMPLEMENTATIONS = YES;
				CLANG_WARN_DIRECT_OBJC_ISA_USAGE = YES_ERROR;
				CLANG_WARN_DOCUMENTATION_COMMENTS = YES;
				CLANG_WARN_EMPTY_BODY = YES;
				CLANG_WARN_ENUM_CONVERSION = YES;
				CLANG_WARN_INFINITE_RECURSION = YES;
				CLANG_WARN_INT_CONVERSION = YES;
				CLANG_WARN_NON_LITERAL_NULL_CONVERSION = YES;
				CLANG_WARN_OBJC_IMPLICIT_RETAIN_SELF = YES;
				CLANG_WARN_OBJC_LITERAL_CONVERSION = YES;
				CLANG_WARN_OBJC_ROOT_CLASS = YES_ERROR;
				CLANG_WARN_RANGE_LOOP_ANALYSIS = YES;
				CLANG_WARN_STRICT_PROTOTYPES = YES;
				CLANG_WARN_SUSPICIOUS_MOVE = YES;
				CLANG_WARN_UNGUARDED_AVAILABILITY = YES_AGGRESSIVE;
				CLANG_WARN_UNREACHABLE_CODE = YES;
				CLANG_WARN__DUPLICATE_METHOD_MATCH = YES;
				CODE_SIGN_IDENTITY = "iPhone Developer";
				COPY_PHASE_STRIP = NO;
				DEBUG_INFORMATION_FORMAT = dwarf;
				ENABLE_STRICT_OBJC_MSGSEND = YES;
				ENABLE_TESTABILITY = YES;
				GCC_C_LANGUAGE_STANDARD = gnu11;
				GCC_DYNAMIC_NO_PIC = NO;
				GCC_NO_COMMON_BLOCKS = YES;
				GCC_OPTIMIZATION_LEVEL = 0;
				GCC_PREPROCESSOR_DEFINITIONS = (
					"DEBUG=1",
					"$(inherited)",
				);
				GCC_WARN_64_TO_32_BIT_CONVERSION = YES;
				GCC_WARN_ABOUT_RETURN_TYPE = YES_ERROR;
				GCC_WARN_UNDECLARED_SELECTOR = YES;
				GCC_WARN_UNINITIALIZED_AUTOS = YES_AGGRESSIVE;
				GCC_WARN_UNUSED_FUNCTION = YES;
				GCC_WARN_UNUSED_VARIABLE = YES;
				IPHONEOS_DEPLOYMENT_TARGET = 11.4;
				MTL_ENABLE_DEBUG_INFO = YES;
				ONLY_ACTIVE_ARCH = YES;
				SDKROOT = iphoneos;
				SWIFT_ACTIVE_COMPILATION_CONDITIONS = DEBUG;
				SWIFT_OPTIMIZATION_LEVEL = "-Onone";
			};
			name = Debug;
		};
		A0D9201120C78630007696E5 /* Release */ = {
			isa = XCBuildConfiguration;
			buildSettings = {
				ALWAYS_SEARCH_USER_PATHS = NO;
				CLANG_ANALYZER_NONNULL = YES;
				CLANG_ANALYZER_NUMBER_OBJECT_CONVERSION = YES_AGGRESSIVE;
				CLANG_CXX_LANGUAGE_STANDARD = "gnu++14";
				CLANG_CXX_LIBRARY = "libc++";
				CLANG_ENABLE_MODULES = YES;
				CLANG_ENABLE_OBJC_ARC = YES;
				CLANG_ENABLE_OBJC_WEAK = YES;
				CLANG_WARN_BLOCK_CAPTURE_AUTORELEASING = YES;
				CLANG_WARN_BOOL_CONVERSION = YES;
				CLANG_WARN_COMMA = YES;
				CLANG_WARN_CONSTANT_CONVERSION = YES;
				CLANG_WARN_DEPRECATED_OBJC_IMPLEMENTATIONS = YES;
				CLANG_WARN_DIRECT_OBJC_ISA_USAGE = YES_ERROR;
				CLANG_WARN_DOCUMENTATION_COMMENTS = YES;
				CLANG_WARN_EMPTY_BODY = YES;
				CLANG_WARN_ENUM_CONVERSION = YES;
				CLANG_WARN_INFINITE_RECURSION = YES;
				CLANG_WARN_INT_CONVERSION = YES;
				CLANG_WARN_NON_LITERAL_NULL_CONVERSION = YES;
				CLANG_WARN_OBJC_IMPLICIT_RETAIN_SELF = YES;
				CLANG_WARN_OBJC_LITERAL_CONVERSION = YES;
				CLANG_WARN_OBJC_ROOT_CLASS = YES_ERROR;
				CLANG_WARN_RANGE_LOOP_ANALYSIS = YES;
				CLANG_WARN_STRICT_PROTOTYPES = YES;
				CLANG_WARN_SUSPICIOUS_MOVE = YES;
				CLANG_WARN_UNGUARDED_AVAILABILITY = YES_AGGRESSIVE;
				CLANG_WARN_UNREACHABLE_CODE = YES;
				CLANG_WARN__DUPLICATE_METHOD_MATCH = YES;
				CODE_SIGN_IDENTITY = "iPhone Developer";
				COPY_PHASE_STRIP = NO;
				DEBUG_INFORMATION_FORMAT = "dwarf-with-dsym";
				ENABLE_NS_ASSERTIONS = NO;
				ENABLE_STRICT_OBJC_MSGSEND = YES;
				GCC_C_LANGUAGE_STANDARD = gnu11;
				GCC_NO_COMMON_BLOCKS = YES;
				GCC_WARN_64_TO_32_BIT_CONVERSION = YES;
				GCC_WARN_ABOUT_RETURN_TYPE = YES_ERROR;
				GCC_WARN_UNDECLARED_SELECTOR = YES;
				GCC_WARN_UNINITIALIZED_AUTOS = YES_AGGRESSIVE;
				GCC_WARN_UNUSED_FUNCTION = YES;
				GCC_WARN_UNUSED_VARIABLE = YES;
				IPHONEOS_DEPLOYMENT_TARGET = 11.4;
				MTL_ENABLE_DEBUG_INFO = NO;
				SDKROOT = iphoneos;
				SWIFT_COMPILATION_MODE = wholemodule;
				SWIFT_OPTIMIZATION_LEVEL = "-O";
				VALIDATE_PRODUCT = YES;
			};
			name = Release;
		};
		A0D9201320C78630007696E5 /* Debug */ = {
			isa = XCBuildConfiguration;
			baseConfigurationReference = 51F637FC95035213597A2147 /* Pods-in-my-fridge.debug.xcconfig */;
			buildSettings = {
				ASSETCATALOG_COMPILER_APPICON_NAME = AppIcon;
				CODE_SIGN_STYLE = Automatic;
				DEVELOPMENT_TEAM = S5248FQ8E7;
				INFOPLIST_FILE = "in-my-fridge/Support/Info.plist";
				IPHONEOS_DEPLOYMENT_TARGET = 12.0;
				LD_RUNPATH_SEARCH_PATHS = (
					"$(inherited)",
					"@executable_path/Frameworks",
				);
				PRODUCT_BUNDLE_IDENTIFIER = "com.project.okeem.in-my-fridge";
				PRODUCT_NAME = "$(TARGET_NAME)";
				SWIFT_VERSION = 4.2;
				TARGETED_DEVICE_FAMILY = 1;
			};
			name = Debug;
		};
		A0D9201420C78630007696E5 /* Release */ = {
			isa = XCBuildConfiguration;
			baseConfigurationReference = 160CE5F1B181E9867B16CB18 /* Pods-in-my-fridge.release.xcconfig */;
			buildSettings = {
				ASSETCATALOG_COMPILER_APPICON_NAME = AppIcon;
				CODE_SIGN_STYLE = Automatic;
				DEVELOPMENT_TEAM = S5248FQ8E7;
				INFOPLIST_FILE = "in-my-fridge/Support/Info.plist";
				IPHONEOS_DEPLOYMENT_TARGET = 12.0;
				LD_RUNPATH_SEARCH_PATHS = (
					"$(inherited)",
					"@executable_path/Frameworks",
				);
				PRODUCT_BUNDLE_IDENTIFIER = "com.project.okeem.in-my-fridge";
				PRODUCT_NAME = "$(TARGET_NAME)";
				SWIFT_VERSION = 4.2;
				TARGETED_DEVICE_FAMILY = 1;
			};
			name = Release;
		};
/* End XCBuildConfiguration section */

/* Begin XCConfigurationList section */
		A0D91FFB20C7862E007696E5 /* Build configuration list for PBXProject "in-my-fridge" */ = {
			isa = XCConfigurationList;
			buildConfigurations = (
				A0D9201020C78630007696E5 /* Debug */,
				A0D9201120C78630007696E5 /* Release */,
			);
			defaultConfigurationIsVisible = 0;
			defaultConfigurationName = Release;
		};
		A0D9201220C78630007696E5 /* Build configuration list for PBXNativeTarget "in-my-fridge" */ = {
			isa = XCConfigurationList;
			buildConfigurations = (
				A0D9201320C78630007696E5 /* Debug */,
				A0D9201420C78630007696E5 /* Release */,
			);
			defaultConfigurationIsVisible = 0;
			defaultConfigurationName = Release;
		};
/* End XCConfigurationList section */
	};
	rootObject = A0D91FF820C7862E007696E5 /* Project object */;
}
